
Microsoft Visual Studio Solution File, Format Version 12.00
# Visual Studio 15
VisualStudioVersion = 15.0.26124.0
MinimumVisualStudioVersion = 15.0.26124.0
Project("{FAE04EC0-301F-11D3-BF4B-00C04F79EFBC}") = "if_förfan", "if_förfan\if_förfan.csproj", "{B83004A9-8611-4F2F-9473-22A29C1174DA}"
EndProject
Global
	GlobalSection(SolutionConfigurationPlatforms) = preSolution
		Debug|Any CPU = Debug|Any CPU
		Debug|x64 = Debug|x64
		Debug|x86 = Debug|x86
		Release|Any CPU = Release|Any CPU
		Release|x64 = Release|x64
		Release|x86 = Release|x86
	EndGlobalSection
	GlobalSection(SolutionProperties) = preSolution
		HideSolutionNode = FALSE
	EndGlobalSection
	GlobalSection(ProjectConfigurationPlatforms) = postSolution
		{B83004A9-8611-4F2F-9473-22A29C1174DA}.Debug|Any CPU.ActiveCfg = Debug|Any CPU
		{B83004A9-8611-4F2F-9473-22A29C1174DA}.Debug|Any CPU.Build.0 = Debug|Any CPU
		{B83004A9-8611-4F2F-9473-22A29C1174DA}.Debug|x64.ActiveCfg = Debug|Any CPU
		{B83004A9-8611-4F2F-9473-22A29C1174DA}.Debug|x64.Build.0 = Debug|Any CPU
		{B83004A9-8611-4F2F-9473-22A29C1174DA}.Debug|x86.ActiveCfg = Debug|Any CPU
		{B83004A9-8611-4F2F-9473-22A29C1174DA}.Debug|x86.Build.0 = Debug|Any CPU
		{B83004A9-8611-4F2F-9473-22A29C1174DA}.Release|Any CPU.ActiveCfg = Release|Any CPU
		{B83004A9-8611-4F2F-9473-22A29C1174DA}.Release|Any CPU.Build.0 = Release|Any CPU
		{B83004A9-8611-4F2F-9473-22A29C1174DA}.Release|x64.ActiveCfg = Release|Any CPU
		{B83004A9-8611-4F2F-9473-22A29C1174DA}.Release|x64.Build.0 = Release|Any CPU
		{B83004A9-8611-4F2F-9473-22A29C1174DA}.Release|x86.ActiveCfg = Release|Any CPU
		{B83004A9-8611-4F2F-9473-22A29C1174DA}.Release|x86.Build.0 = Release|Any CPU
	EndGlobalSection
EndGlobal
